{
	"name": "arfas-oversight",
	"version": "1.0.0",
	"lockfileVersion": 2,
	"requires": true,
	"packages": {
		"": {
			"name": "arfas-oversight",
			"version": "1.0.0",
			"hasInstallScript": true,
			"license": "ISC",
			"dependencies": {
				"set-interval-async": "^3.0.2"
			}
		},
		"node_modules/set-interval-async": {
			"version": "3.0.2",
			"resolved": "https://registry.npmjs.org/set-interval-async/-/set-interval-async-3.0.2.tgz",
			"integrity": "sha512-s8Jl35TVylbhgeYbTJ3y3h/KnBCGvDPHyuG02My82YNwgKRErpmvNsWWec5zpt4jqTKPZyRmgCEkeFb07+j7EA==",
			"engines": {
				"node": ">= 14.0.0"
			}
		}
	},
	"dependencies": {
		"set-interval-async": {
			"version": "3.0.2",
			"resolved": "https://registry.npmjs.org/set-interval-async/-/set-interval-async-3.0.2.tgz",
			"integrity": "sha512-s8Jl35TVylbhgeYbTJ3y3h/KnBCGvDPHyuG02My82YNwgKRErpmvNsWWec5zpt4jqTKPZyRmgCEkeFb07+j7EA=="
		}
	}
}
